<?xml version="1.0" encoding="utf-8"?>
<Project ToolsVersion="4.0" xmlns="http://schemas.microsoft.com/developer/msbuild/2003">
  <ItemGroup>
    <Filter Include="Source Files">
      <UniqueIdentifier>{4FC737F1-C7A5-4376-A066-2A32D752A2FF}</UniqueIdentifier>
      <Extensions>cpp;c;cc;cxx;def;odl;idl;hpj;bat;asm;asmx</Extensions>
    </Filter>
    <Filter Include="Header Files">
      <UniqueIdentifier>{93995380-89BD-4b04-88EB-625FBE52EBFB}</UniqueIdentifier>
      <Extensions>h;hh;hpp;hxx;hm;inl;inc;xsd</Extensions>
    </Filter>
    <Filter Include="Resource Files">
      <UniqueIdentifier>{67DA6AB6-F800-4c08-8B7A-83BB121AAD01}</UniqueIdentifier>
      <Extensions>rc;ico;cur;bmp;dlg;rc2;rct;bin;rgs;gif;jpg;jpeg;jpe;resx;tiff;tif;png;wav;mfcribbon-ms</Extensions>
    </Filter>
    <Filter Include="Header Files\Game Controllers">
      <UniqueIdentifier>{8e5ca267-793a-4611-9e9c-15e2c27dba63}</UniqueIdentifier>
    </Filter>
    <Filter Include="Header Files\GBA Reg">
      <UniqueIdentifier>{908eaca9-d01f-4312-9af9-8962f7044a1d}</UniqueIdentifier>
    </Filter>
    <Filter Include="Source Files\GBA Reg">
      <UniqueIdentifier>{314a7ecf-1065-4f67-a3df-fa9d343810ea}</UniqueIdentifier>
    </Filter>
    <Filter Include="Source Files\Game Controllers">
      <UniqueIdentifier>{e0f9e74e-8661-46df-aaeb-2aa1a6deb2c9}</UniqueIdentifier>
    </Filter>
    <Filter Include="Resource Files\Sprites">
      <UniqueIdentifier>{c17c0904-658a-4c98-86af-64d1f41f7c86}</UniqueIdentifier>
    </Filter>
    <Filter Include="Resource Files\Map">
      <UniqueIdentifier>{5955befc-d67f-4772-8f42-8d82ab04f8d8}</UniqueIdentifier>
    </Filter>
    <Filter Include="Resource Files\Map\WorldMap">
      <UniqueIdentifier>{af66eddc-4c39-4467-9c3d-171fa74d377e}</UniqueIdentifier>
    </Filter>
    <Filter Include="Resource Files\Map\Level1">
      <UniqueIdentifier>{35e847b0-d23a-44d8-9ffa-e4ab36d2991a}</UniqueIdentifier>
    </Filter>
    <Filter Include="Header Files\Defs">
      <UniqueIdentifier>{99166240-9f9e-4e50-bb8f-3051fa4cfeeb}</UniqueIdentifier>
    </Filter>
  </ItemGroup>
  <ItemGroup>
    <Text Include="readme.txt" />
    <Text Include="Makefile" />
  </ItemGroup>
  <ItemGroup>
    <ClCompile Include="source\gba_math.c">
      <Filter>Source Files\GBA Reg</Filter>
    </ClCompile>
    <ClCompile Include="source\gab_mathUtil.c">
      <Filter>Source Files\GBA Reg</Filter>
    </ClCompile>
    <ClCompile Include="source\gba_input.c">
      <Filter>Source Files\GBA Reg</Filter>
    </ClCompile>
    <ClCompile Include="source\main.cpp">
      <Filter>Source Files\Game Controllers</Filter>
    </ClCompile>
    <ClCompile Include="source\DM_MarioManager.cpp">
      <Filter>Source Files\Game Controllers</Filter>
    </ClCompile>
    <ClCompile Include="source\DM_SpriteManager.cpp">
      <Filter>Source Files\Game Controllers</Filter>
    </ClCompile>
    <ClCompile Include="source\DM_TileManager.cpp">
      <Filter>Source Files\Game Controllers</Filter>
    </ClCompile>
    <ClCompile Include="source\gba_gfx.c">
      <Filter>Source Files\GBA Reg</Filter>
    </ClCompile>
    <ClCompile Include="source\DM_AIManager.cpp">
      <Filter>Source Files\Game Controllers</Filter>
    </ClCompile>
    <ClCompile Include="source\EnemySprites.c">
      <Filter>Resource Files\Sprites</Filter>
    </ClCompile>
    <ClCompile Include="source\Mario_Small.c">
      <Filter>Resource Files\Sprites</Filter>
    </ClCompile>
    <ClCompile Include="source\Mario_Tall.c">
      <Filter>Resource Files\Sprites</Filter>
    </ClCompile>
    <ClCompile Include="source\particles.c">
      <Filter>Resource Files\Sprites</Filter>
    </ClCompile>
    <ClCompile Include="source\World1Map_Maps.cpp">
      <Filter>Resource Files\Map\WorldMap</Filter>
    </ClCompile>
    <ClCompile Include="source\World1Map_Palette.cpp">
      <Filter>Resource Files\Map\WorldMap</Filter>
    </ClCompile>
    <ClCompile Include="source\World1Map_Tiles.cpp">
      <Filter>Resource Files\Map\WorldMap</Filter>
    </ClCompile>
    <ClCompile Include="source\World1MapCollisions.cpp">
      <Filter>Resource Files\Map\WorldMap</Filter>
    </ClCompile>
    <ClCompile Include="source\World1Level1_Collisions.cpp">
      <Filter>Resource Files\Map\Level1</Filter>
    </ClCompile>
    <ClCompile Include="source\World1Level1_Maps.cpp">
      <Filter>Resource Files\Map\Level1</Filter>
    </ClCompile>
    <ClCompile Include="source\World1Level1_Palette.cpp">
      <Filter>Resource Files\Map\Level1</Filter>
    </ClCompile>
    <ClCompile Include="source\World1Level1_Tiles.cpp">
      <Filter>Resource Files\Map\Level1</Filter>
    </ClCompile>
    <ClCompile Include="source\DM_PrizeBlockManager.cpp">
      <Filter>Source Files\Game Controllers</Filter>
    </ClCompile>
    <ClCompile Include="source\PrizeBlockEmpty.c">
      <Filter>Resource Files\Sprites</Filter>
    </ClCompile>
    <ClCompile Include="source\Powerups.c">
      <Filter>Resource Files\Sprites</Filter>
    </ClCompile>
    <ClCompile Include="source\Mario_Fire.c">
      <Filter>Resource Files\Sprites</Filter>
    </ClCompile>
    <ClCompile Include="source\Fireball.c">
      <Filter>Resource Files\Sprites</Filter>
    </ClCompile>
  </ItemGroup>
  <ItemGroup>
    <ClInclude Include="include\DM_MarioManager.h">
      <Filter>Header Files\Game Controllers</Filter>
    </ClInclude>
    <ClInclude Include="include\DM_SpriteManager.h">
      <Filter>Header Files\Game Controllers</Filter>
    </ClInclude>
    <ClInclude Include="include\DM_SpritesStruct.h">
      <Filter>Header Files\Game Controllers</Filter>
    </ClInclude>
    <ClInclude Include="include\DM_TileManager.h">
      <Filter>Header Files\Game Controllers</Filter>
    </ClInclude>
    <ClInclude Include="include\gba.h">
      <Filter>Header Files\GBA Reg</Filter>
    </ClInclude>
    <ClInclude Include="include\gba_gfx.h">
      <Filter>Header Files\GBA Reg</Filter>
    </ClInclude>
    <ClInclude Include="include\gba_input.h">
      <Filter>Header Files\GBA Reg</Filter>
    </ClInclude>
    <ClInclude Include="include\gba_math.h">
      <Filter>Header Files\GBA Reg</Filter>
    </ClInclude>
    <ClInclude Include="include\gba_mathUtil.h">
      <Filter>Header Files\GBA Reg</Filter>
    </ClInclude>
    <ClInclude Include="include\gba_reg.h">
      <Filter>Header Files\GBA Reg</Filter>
    </ClInclude>
    <ClInclude Include="include\gba_types.h">
      <Filter>Header Files\GBA Reg</Filter>
    </ClInclude>
    <ClInclude Include="include\Intellisense.h">
      <Filter>Header Files\GBA Reg</Filter>
    </ClInclude>
    <ClInclude Include="include\DM_AIManager.h">
      <Filter>Header Files\Game Controllers</Filter>
    </ClInclude>
    <ClInclude Include="include\DM_ParticleManager.h">
      <Filter>Header Files\Game Controllers</Filter>
    </ClInclude>
    <ClInclude Include="source\DM_ParticleManager.cpp">
      <Filter>Source Files\Game Controllers</Filter>
    </ClInclude>
    <ClInclude Include="include\EnemySprites.h">
      <Filter>Resource Files\Sprites</Filter>
    </ClInclude>
    <ClInclude Include="include\Mario_Small.h">
      <Filter>Resource Files\Sprites</Filter>
    </ClInclude>
    <ClInclude Include="include\Mario_Tall.h">
      <Filter>Resource Files\Sprites</Filter>
    </ClInclude>
    <ClInclude Include="include\particles.h">
      <Filter>Resource Files\Sprites</Filter>
    </ClInclude>
    <ClInclude Include="include\World1Map_Externs.h">
      <Filter>Resource Files\Map\WorldMap</Filter>
    </ClInclude>
    <ClInclude Include="include\World1Level1_Externs.h">
      <Filter>Resource Files\Map\Level1</Filter>
    </ClInclude>
    <ClInclude Include="include\DM_PrizeBlockManager.h">
      <Filter>Header Files\Game Controllers</Filter>
    </ClInclude>
    <ClInclude Include="include\PrizeBlockEmpty.h">
      <Filter>Resource Files\Sprites</Filter>
    </ClInclude>
    <ClInclude Include="include\Powerups.h">
      <Filter>Resource Files\Sprites</Filter>
    </ClInclude>
    <ClInclude Include="include\DM_Enums.h">
      <Filter>Header Files\Defs</Filter>
    </ClInclude>
    <ClInclude Include="include\Mario_Fire.h">
      <Filter>Resource Files\Sprites</Filter>
    </ClInclude>
    <ClInclude Include="include\Fireball.h">
      <Filter>Resource Files\Sprites</Filter>
    </ClInclude>
  </ItemGroup>
</Project>